# This file is automatically @generated by Cargo.
# It is not intended for manual editing.
version = 4

[[package]]
name = "bitflags"
version = "2.13.1"
source = "registry+https://github.com/rust-lang/crates.io-index"
checksum = "b588b76d00fde79687d7646a9b5bdf3cc0f655e0bbd080335a95d7e96f3587da"

[[package]]
name = "ieee-apsqrt"
version = "0.1.1"
source = "registry+https://github.com/rust-lang/crates.io-index"
checksum = "4328941c554aaeea28ca420cd1f10e932fa38874faf8c75e3ed184c64c5c6cec"
dependencies = [
 "rustc_apfloat",
]

[[package]]
name = "ppc"
version = "0.5.0"
dependencies = [
 "ieee-apsqrt",
 "rustc_apfloat",
]

[[package]]
name = "rustc_apfloat"
version = "0.2.3+llvm-462a31f5a5ab"
source = "registry+https://github.com/rust-lang/crates.io-index"
checksum = "486c2179b4796f65bfe2ee33679acf0927ac83ecf583ad6c91c3b4570911b9ad"
dependencies = [
 "bitflags",
 "smallvec",
]

[[package]]
name = "smallvec"
version = "1.15.2"
source = "registry+https://github.com/rust-lang/crates.io-index"
checksum = "8ed6a63f02c8539c91a8685a86f4099661ba3da017932f6ebbea6de3f0fa7c90"
